
Microsoft Visual Studio Solution File, Format Version 12.00
# Visual Studio 15
VisualStudioVersion = 15.0.26730.16
MinimumVisualStudioVersion = 10.0.40219.1
Project("{2150E333-8FDC-42A3-9474-1A3956D46DE8}") = "Platform", "Platform", "{2C038B5D-03AA-4788-A492-9C3FECC1BD04}"
EndProject
Project("{2150E333-8FDC-42A3-9474-1A3956D46DE8}") = "Clients", "Clients", "{81DA501A-F2EA-43B6-A7BB-02D452DA5A8C}"
EndProject
Project("{2150E333-8FDC-42A3-9474-1A3956D46DE8}") = "Apis", "Apis", "{274056C4-2219-4108-B30B-91597BACCA82}"
EndProject
Project("{2150E333-8FDC-42A3-9474-1A3956D46DE8}") = "Desktop", "Desktop", "{D51D1851-5427-4966-B655-58F420723F76}"
EndProject
Project("{2150E333-8FDC-42A3-9474-1A3956D46DE8}") = "Web", "Web", "{6BD009B6-6728-4C7A-820C-796D3E60DF22}"
EndProject
Project("{9A19103F-16F7-4668-BE54-9A1E7A4F7556}") = "TodoApi", "src\Platform-TasksApi\TodoApi.csproj", "{CCF53FCF-1A7E-4AE6-AEF6-3C98B1F574CB}"
EndProject
Project("{9A19103F-16F7-4668-BE54-9A1E7A4F7556}") = "TodoApiSdk", "src\Platform-TasksApi.SDK\TodoApiSdk.csproj", "{F472E71D-1741-4A0D-AAA0-4C09490E1A90}"
EndProject
Project("{9A19103F-16F7-4668-BE54-9A1E7A4F7556}") = "AdminConsoleClient", "src\Platform-AdminConsoleApp\AdminConsoleClient.csproj", "{30BBC917-202B-4CE4-BDB9-D87938C958AD}"
EndProject
Project("{2150E333-8FDC-42A3-9474-1A3956D46DE8}") = "Packages", "Packages", "{03D4A722-F1EE-4C57-A470-122482EB1EC4}"
EndProject
Project("{9A19103F-16F7-4668-BE54-9A1E7A4F7556}") = "BaseApiSDK", "src\Platform-BaseApiSDK\BaseApiSDK.csproj", "{78285630-E0C3-45F4-8ACE-6569392E05D7}"
EndProject
Project("{9A19103F-16F7-4668-BE54-9A1E7A4F7556}") = "PortalWebApp", "src\Platform-WebApp\PortalWebApp.csproj", "{658542B4-F558-4FB8-9DFC-AEA18E58F791}"
EndProject
Project("{2150E333-8FDC-42A3-9474-1A3956D46DE8}") = "Host", "Host", "{27815AEA-7D5F-47D4-A3AB-0D7CF9BFC0E2}"
EndProject
Project("{9A19103F-16F7-4668-BE54-9A1E7A4F7556}") = "IdentityServerHost", "src\Platform-IdentityServerHost\IdentityServerHost.csproj", "{C5AF12CE-07F6-4F8D-BE83-3D75F55CB348}"
EndProject
Project("{2150E333-8FDC-42A3-9474-1A3956D46DE8}") = "_", "_", "{F5B03AF8-3213-4ACA-939C-A5BB256EF422}"
	ProjectSection(SolutionItems) = preProject
		readme.md = readme.md
	EndProjectSection
EndProject
Project("{2150E333-8FDC-42A3-9474-1A3956D46DE8}") = "External", "External", "{41D73EC1-ECAA-41C3-BE72-5E8A4173D0FB}"
EndProject
Project("{9A19103F-16F7-4668-BE54-9A1E7A4F7556}") = "ExternalWebApp", "src\External-WebApp\ExternalWebApp.csproj", "{ABB2D735-E9DD-4E15-8670-C0F9AA39085E}"
EndProject
Global
	GlobalSection(SolutionConfigurationPlatforms) = preSolution
		Debug|Any CPU = Debug|Any CPU
		Release|Any CPU = Release|Any CPU
	EndGlobalSection
	GlobalSection(ProjectConfigurationPlatforms) = postSolution
		{CCF53FCF-1A7E-4AE6-AEF6-3C98B1F574CB}.Debug|Any CPU.ActiveCfg = Debug|Any CPU
		{CCF53FCF-1A7E-4AE6-AEF6-3C98B1F574CB}.Debug|Any CPU.Build.0 = Debug|Any CPU
		{CCF53FCF-1A7E-4AE6-AEF6-3C98B1F574CB}.Release|Any CPU.ActiveCfg = Release|Any CPU
		{CCF53FCF-1A7E-4AE6-AEF6-3C98B1F574CB}.Release|Any CPU.Build.0 = Release|Any CPU
		{F472E71D-1741-4A0D-AAA0-4C09490E1A90}.Debug|Any CPU.ActiveCfg = Debug|Any CPU
		{F472E71D-1741-4A0D-AAA0-4C09490E1A90}.Debug|Any CPU.Build.0 = Debug|Any CPU
		{F472E71D-1741-4A0D-AAA0-4C09490E1A90}.Release|Any CPU.ActiveCfg = Release|Any CPU
		{F472E71D-1741-4A0D-AAA0-4C09490E1A90}.Release|Any CPU.Build.0 = Release|Any CPU
		{30BBC917-202B-4CE4-BDB9-D87938C958AD}.Debug|Any CPU.ActiveCfg = Debug|Any CPU
		{30BBC917-202B-4CE4-BDB9-D87938C958AD}.Debug|Any CPU.Build.0 = Debug|Any CPU
		{30BBC917-202B-4CE4-BDB9-D87938C958AD}.Release|Any CPU.ActiveCfg = Release|Any CPU
		{30BBC917-202B-4CE4-BDB9-D87938C958AD}.Release|Any CPU.Build.0 = Release|Any CPU
		{78285630-E0C3-45F4-8ACE-6569392E05D7}.Debug|Any CPU.ActiveCfg = Debug|Any CPU
		{78285630-E0C3-45F4-8ACE-6569392E05D7}.Debug|Any CPU.Build.0 = Debug|Any CPU
		{78285630-E0C3-45F4-8ACE-6569392E05D7}.Release|Any CPU.ActiveCfg = Release|Any CPU
		{78285630-E0C3-45F4-8ACE-6569392E05D7}.Release|Any CPU.Build.0 = Release|Any CPU
		{658542B4-F558-4FB8-9DFC-AEA18E58F791}.Debug|Any CPU.ActiveCfg = Debug|Any CPU
		{658542B4-F558-4FB8-9DFC-AEA18E58F791}.Debug|Any CPU.Build.0 = Debug|Any CPU
		{658542B4-F558-4FB8-9DFC-AEA18E58F791}.Release|Any CPU.ActiveCfg = Release|Any CPU
		{658542B4-F558-4FB8-9DFC-AEA18E58F791}.Release|Any CPU.Build.0 = Release|Any CPU
		{C5AF12CE-07F6-4F8D-BE83-3D75F55CB348}.Debug|Any CPU.ActiveCfg = Debug|Any CPU
		{C5AF12CE-07F6-4F8D-BE83-3D75F55CB348}.Debug|Any CPU.Build.0 = Debug|Any CPU
		{C5AF12CE-07F6-4F8D-BE83-3D75F55CB348}.Release|Any CPU.ActiveCfg = Release|Any CPU
		{C5AF12CE-07F6-4F8D-BE83-3D75F55CB348}.Release|Any CPU.Build.0 = Release|Any CPU
		{ABB2D735-E9DD-4E15-8670-C0F9AA39085E}.Debug|Any CPU.ActiveCfg = Debug|Any CPU
		{ABB2D735-E9DD-4E15-8670-C0F9AA39085E}.Debug|Any CPU.Build.0 = Debug|Any CPU
		{ABB2D735-E9DD-4E15-8670-C0F9AA39085E}.Release|Any CPU.ActiveCfg = Release|Any CPU
		{ABB2D735-E9DD-4E15-8670-C0F9AA39085E}.Release|Any CPU.Build.0 = Release|Any CPU
	EndGlobalSection
	GlobalSection(SolutionProperties) = preSolution
		HideSolutionNode = FALSE
	EndGlobalSection
	GlobalSection(NestedProjects) = preSolution
		{81DA501A-F2EA-43B6-A7BB-02D452DA5A8C} = {2C038B5D-03AA-4788-A492-9C3FECC1BD04}
		{274056C4-2219-4108-B30B-91597BACCA82} = {2C038B5D-03AA-4788-A492-9C3FECC1BD04}
		{D51D1851-5427-4966-B655-58F420723F76} = {81DA501A-F2EA-43B6-A7BB-02D452DA5A8C}
		{6BD009B6-6728-4C7A-820C-796D3E60DF22} = {81DA501A-F2EA-43B6-A7BB-02D452DA5A8C}
		{CCF53FCF-1A7E-4AE6-AEF6-3C98B1F574CB} = {274056C4-2219-4108-B30B-91597BACCA82}
		{F472E71D-1741-4A0D-AAA0-4C09490E1A90} = {274056C4-2219-4108-B30B-91597BACCA82}
		{30BBC917-202B-4CE4-BDB9-D87938C958AD} = {D51D1851-5427-4966-B655-58F420723F76}
		{03D4A722-F1EE-4C57-A470-122482EB1EC4} = {2C038B5D-03AA-4788-A492-9C3FECC1BD04}
		{78285630-E0C3-45F4-8ACE-6569392E05D7} = {03D4A722-F1EE-4C57-A470-122482EB1EC4}
		{658542B4-F558-4FB8-9DFC-AEA18E58F791} = {6BD009B6-6728-4C7A-820C-796D3E60DF22}
		{27815AEA-7D5F-47D4-A3AB-0D7CF9BFC0E2} = {2C038B5D-03AA-4788-A492-9C3FECC1BD04}
		{C5AF12CE-07F6-4F8D-BE83-3D75F55CB348} = {27815AEA-7D5F-47D4-A3AB-0D7CF9BFC0E2}
		{ABB2D735-E9DD-4E15-8670-C0F9AA39085E} = {41D73EC1-ECAA-41C3-BE72-5E8A4173D0FB}
	EndGlobalSection
	GlobalSection(ExtensibilityGlobals) = postSolution
		SolutionGuid = {1FFEEFB3-2310-4367-A1F0-A9C11CA06C3E}
	EndGlobalSection
EndGlobal
